lockfileVersion: 5.3

specifiers:
  kever: ^0.25.3
  reflect-metadata: ^0.1.13
  typescript: ^4.2.3

dependencies:
  kever: artifactory.intra.xiaojukeji.com/kever/0.25.3_reflect-metadata@0.1.13

devDependencies:
  reflect-metadata: artifactory.intra.xiaojukeji.com/reflect-metadata/0.1.13
  typescript: 4.5.4

packages:

  /typescript/4.5.4:
    resolution: {integrity: sha512-VgYs2A2QIRuGphtzFV7aQJduJ2gyfTljngLzjpfW9FoYZF6xuw1W0vW9ghCKLfcWrCFxK81CSGRAvS1pn4fIUg==}
    engines: {node: '>=4.2.0'}
    hasBin: true
    dev: true

  artifactory.intra.xiaojukeji.com/@kever/core/0.25.3_230940da3065fdaca7fff9a7a442e5a3:
    resolution: {integrity: sha1-RvXJXj9njjPD6hDwwqlrsm0+ad0=, registry: http://npm.intra.xiaojukeji.com/, tarball: http://artifactory.intra.xiaojukeji.com/artifactory/api/npm/npm/@kever/core/-/core-0.25.3.tgz?dl=https%3A%2F%2Fregistry.npmmirror.com%2F%40kever%2Fcore%2F-%2Fcore-0.25.3.tgz}
    id: artifactory.intra.xiaojukeji.com/@kever/core/0.25.3
    name: '@kever/core'
    version: 0.25.3
    peerDependencies:
      '@kever/ioc': '>=0.23.1'
      '@kever/logger': '>=0.23.1'
      '@kever/router': '>=0.23.1'
      '@kever/shared': '>=0.23.1'
      reflect-metadata: ^0.1.13
    dependencies:
      '@kever/ioc': artifactory.intra.xiaojukeji.com/@kever/ioc/0.25.3_6d49e53d53d4df1e1e08aec113587f5b
      '@kever/logger': artifactory.intra.xiaojukeji.com/@kever/logger/0.25.3
      '@kever/router': artifactory.intra.xiaojukeji.com/@kever/router/0.25.3_1c77a8dd162d13ce09a75bfcc1137ef2
      '@kever/shared': artifactory.intra.xiaojukeji.com/@kever/shared/0.25.3_6084471c37db44c1c330dc400aa4219b
      '@types/koa': artifactory.intra.xiaojukeji.com/@types/koa/2.13.4
      chalk: artifactory.intra.xiaojukeji.com/chalk/4.1.2
      koa: artifactory.intra.xiaojukeji.com/koa/2.13.4
      reflect-metadata: artifactory.intra.xiaojukeji.com/reflect-metadata/0.1.13
    transitivePeerDependencies:
      - supports-color
    dev: false

  artifactory.intra.xiaojukeji.com/@kever/ioc/0.25.3_6d49e53d53d4df1e1e08aec113587f5b:
    resolution: {integrity: sha1-KKKNOU0es+bbZs/F5wRkvgVSEwA=, registry: http://npm.intra.xiaojukeji.com/, tarball: http://artifactory.intra.xiaojukeji.com/artifactory/api/npm/npm/@kever/ioc/-/ioc-0.25.3.tgz?dl=https%3A%2F%2Fregistry.npmmirror.com%2F%40kever%2Fioc%2F-%2Fioc-0.25.3.tgz}
    id: artifactory.intra.xiaojukeji.com/@kever/ioc/0.25.3
    name: '@kever/ioc'
    version: 0.25.3
    peerDependencies:
      '@kever/logger': '>=0.23.1'
      '@kever/shared': '>=0.23.1'
      reflect-metadata: ^0.1.13
    dependencies:
      '@kever/logger': artifactory.intra.xiaojukeji.com/@kever/logger/0.25.3
      '@kever/shared': artifactory.intra.xiaojukeji.com/@kever/shared/0.25.3_6084471c37db44c1c330dc400aa4219b
      '@types/koa': artifactory.intra.xiaojukeji.com/@types/koa/2.13.4
      reflect-metadata: artifactory.intra.xiaojukeji.com/reflect-metadata/0.1.13
    dev: false

  artifactory.intra.xiaojukeji.com/@kever/logger/0.25.3:
    resolution: {integrity: sha1-kkAsaxKktCcOjY8tsYBfLk5DPkU=, registry: http://npm.intra.xiaojukeji.com/, tarball: http://artifactory.intra.xiaojukeji.com/artifactory/api/npm/npm/@kever/logger/-/logger-0.25.3.tgz?dl=https%3A%2F%2Fregistry.npmmirror.com%2F%40kever%2Flogger%2F-%2Flogger-0.25.3.tgz}
    name: '@kever/logger'
    version: 0.25.3
    dependencies:
      chalk: artifactory.intra.xiaojukeji.com/chalk/4.1.2
    dev: false

  artifactory.intra.xiaojukeji.com/@kever/router/0.25.3_1c77a8dd162d13ce09a75bfcc1137ef2:
    resolution: {integrity: sha1-qT+ZUU1f9XJo+XE+EoLsclpmRKY=, registry: http://npm.intra.xiaojukeji.com/, tarball: http://artifactory.intra.xiaojukeji.com/artifactory/api/npm/npm/@kever/router/-/router-0.25.3.tgz?dl=https%3A%2F%2Fregistry.npmmirror.com%2F%40kever%2Frouter%2F-%2Frouter-0.25.3.tgz}
    id: artifactory.intra.xiaojukeji.com/@kever/router/0.25.3
    name: '@kever/router'
    version: 0.25.3
    peerDependencies:
      '@kever/core': '>=0.23.1'
      '@kever/ioc': '>=0.23.1'
      '@kever/logger': '>=0.23.1'
      '@kever/shared': '>=0.23.1'
      reflect-metadata: ^0.1.13
    dependencies:
      '@kever/core': artifactory.intra.xiaojukeji.com/@kever/core/0.25.3_230940da3065fdaca7fff9a7a442e5a3
      '@kever/ioc': artifactory.intra.xiaojukeji.com/@kever/ioc/0.25.3_6d49e53d53d4df1e1e08aec113587f5b
      '@kever/logger': artifactory.intra.xiaojukeji.com/@kever/logger/0.25.3
      '@kever/shared': artifactory.intra.xiaojukeji.com/@kever/shared/0.25.3_6084471c37db44c1c330dc400aa4219b
      '@types/koa': artifactory.intra.xiaojukeji.com/@types/koa/2.13.4
      '@types/koa-router': artifactory.intra.xiaojukeji.com/@types/koa-router/7.4.4
      koa: artifactory.intra.xiaojukeji.com/koa/2.13.4
      koa-router: artifactory.intra.xiaojukeji.com/koa-router/9.4.0
      reflect-metadata: artifactory.intra.xiaojukeji.com/reflect-metadata/0.1.13
    transitivePeerDependencies:
      - supports-color
    dev: false

  artifactory.intra.xiaojukeji.com/@kever/shared/0.25.3_6084471c37db44c1c330dc400aa4219b:
    resolution: {integrity: sha1-H+2jpwQUTrbvFP0Yuq8MJgUoE/A=, registry: http://npm.intra.xiaojukeji.com/, tarball: http://artifactory.intra.xiaojukeji.com/artifactory/api/npm/npm/@kever/shared/-/shared-0.25.3.tgz?dl=https%3A%2F%2Fregistry.npmmirror.com%2F%40kever%2Fshared%2F-%2Fshared-0.25.3.tgz}
    id: artifactory.intra.xiaojukeji.com/@kever/shared/0.25.3
    name: '@kever/shared'
    version: 0.25.3
    peerDependencies:
      '@kever/core': '>=0.23.1'
      '@kever/ioc': '>=0.23.1'
      '@kever/logger': '>=0.23.1'
      '@kever/router': '>=0.23.1'
    dependencies:
      '@kever/core': artifactory.intra.xiaojukeji.com/@kever/core/0.25.3_230940da3065fdaca7fff9a7a442e5a3
      '@kever/ioc': artifactory.intra.xiaojukeji.com/@kever/ioc/0.25.3_6d49e53d53d4df1e1e08aec113587f5b
      '@kever/logger': artifactory.intra.xiaojukeji.com/@kever/logger/0.25.3
      '@kever/router': artifactory.intra.xiaojukeji.com/@kever/router/0.25.3_1c77a8dd162d13ce09a75bfcc1137ef2
    dev: false

  artifactory.intra.xiaojukeji.com/@types/accepts/1.3.5:
    resolution: {integrity: sha1-w0vsEVz8dG4E/loFnfTOfns5FXU=, registry: http://npm.intra.xiaojukeji.com/, tarball: http://artifactory.intra.xiaojukeji.com/artifactory/api/npm/npm/@types/accepts/-/accepts-1.3.5.tgz?dl=https%3A%2F%2Fregistry.npmmirror.com%2F%40types%2Faccepts%2F-%2Faccepts-1.3.5.tgz}
    name: '@types/accepts'
    version: 1.3.5
    dependencies:
      '@types/node': artifactory.intra.xiaojukeji.com/@types/node/17.0.23
    dev: false

  artifactory.intra.xiaojukeji.com/@types/body-parser/1.19.2:
    resolution: {integrity: sha1-rqIFnii3ZYY5CBNHrE+rPeFm5vA=, registry: http://npm.intra.xiaojukeji.com/, tarball: http://artifactory.intra.xiaojukeji.com/artifactory/api/npm/npm/@types/body-parser/-/body-parser-1.19.2.tgz?dl=https%3A%2F%2Fregistry.npmmirror.com%2F%40types%2Fbody-parser%2F-%2Fbody-parser-1.19.2.tgz}
    name: '@types/body-parser'
    version: 1.19.2
    dependencies:
      '@types/connect': artifactory.intra.xiaojukeji.com/@types/connect/3.4.35
      '@types/node': artifactory.intra.xiaojukeji.com/@types/node/17.0.23
    dev: false

  artifactory.intra.xiaojukeji.com/@types/connect/3.4.35:
    resolution: {integrity: sha1-X89q5EXkAh0fwiGaSHPMc6O7KtE=, registry: http://npm.intra.xiaojukeji.com/, tarball: http://artifactory.intra.xiaojukeji.com/artifactory/api/npm/npm/@types/connect/-/connect-3.4.35.tgz?dl=https%3A%2F%2Fregistry.npmmirror.com%2F%40types%2Fconnect%2F-%2Fconnect-3.4.35.tgz}
    name: '@types/connect'
    version: 3.4.35
    dependencies:
      '@types/node': artifactory.intra.xiaojukeji.com/@types/node/17.0.23
    dev: false

  artifactory.intra.xiaojukeji.com/@types/content-disposition/0.5.4:
    resolution: {integrity: sha1-3kjPAcecnxVgvP2K5DIXqwKGV/g=, registry: http://npm.intra.xiaojukeji.com/, tarball: http://artifactory.intra.xiaojukeji.com/artifactory/api/npm/npm/@types/content-disposition/-/content-disposition-0.5.4.tgz?dl=https%3A%2F%2Fregistry.npmmirror.com%2F%40types%2Fcontent-disposition%2F-%2Fcontent-disposition-0.5.4.tgz}
    name: '@types/content-disposition'
    version: 0.5.4
    dev: false

  artifactory.intra.xiaojukeji.com/@types/cookies/0.7.7:
    resolution: {integrity: sha1-epJFPR0WOJwFpTAe71ZvNJRs/YE=, registry: http://npm.intra.xiaojukeji.com/, tarball: http://artifactory.intra.xiaojukeji.com/artifactory/api/npm/npm/@types/cookies/-/cookies-0.7.7.tgz?dl=https%3A%2F%2Fregistry.npmmirror.com%2F%40types%2Fcookies%2F-%2Fcookies-0.7.7.tgz}
    name: '@types/cookies'
    version: 0.7.7
    dependencies:
      '@types/connect': artifactory.intra.xiaojukeji.com/@types/connect/3.4.35
      '@types/express': artifactory.intra.xiaojukeji.com/@types/express/4.17.13
      '@types/keygrip': artifactory.intra.xiaojukeji.com/@types/keygrip/1.0.2
      '@types/node': artifactory.intra.xiaojukeji.com/@types/node/17.0.23
    dev: false

  artifactory.intra.xiaojukeji.com/@types/express-serve-static-core/4.17.28:
    resolution: {integrity: sha1-xH3vnzTsgdxjKNCxtTA9HsmNhrg=, registry: http://npm.intra.xiaojukeji.com/, tarball: http://artifactory.intra.xiaojukeji.com/artifactory/api/npm/npm/@types/express-serve-static-core/-/express-serve-static-core-4.17.28.tgz?dl=https%3A%2F%2Fregistry.npmmirror.com%2F%40types%2Fexpress-serve-static-core%2F-%2Fexpress-serve-static-core-4.17.28.tgz}
    name: '@types/express-serve-static-core'
    version: 4.17.28
    dependencies:
      '@types/node': artifactory.intra.xiaojukeji.com/@types/node/17.0.23
      '@types/qs': artifactory.intra.xiaojukeji.com/@types/qs/6.9.7
      '@types/range-parser': artifactory.intra.xiaojukeji.com/@types/range-parser/1.2.4
    dev: false

  artifactory.intra.xiaojukeji.com/@types/express/4.17.13:
    resolution: {integrity: sha1-p24plXKJmbq1GjP6vOHXBaNwkDQ=, registry: http://npm.intra.xiaojukeji.com/, tarball: http://artifactory.intra.xiaojukeji.com/artifactory/api/npm/npm/@types/express/-/express-4.17.13.tgz?dl=https%3A%2F%2Fregistry.npmmirror.com%2F%40types%2Fexpress%2F-%2Fexpress-4.17.13.tgz}
    name: '@types/express'
    version: 4.17.13
    dependencies:
      '@types/body-parser': artifactory.intra.xiaojukeji.com/@types/body-parser/1.19.2
      '@types/express-serve-static-core': artifactory.intra.xiaojukeji.com/@types/express-serve-static-core/4.17.28
      '@types/qs': artifactory.intra.xiaojukeji.com/@types/qs/6.9.7
      '@types/serve-static': artifactory.intra.xiaojukeji.com/@types/serve-static/1.13.10
    dev: false

  artifactory.intra.xiaojukeji.com/@types/http-assert/1.5.3:
    resolution: {integrity: sha1-7449Go1Gw4fwSrDy6KuMsMUHhmE=, registry: http://npm.intra.xiaojukeji.com/, tarball: http://artifactory.intra.xiaojukeji.com/artifactory/api/npm/npm/@types/http-assert/-/http-assert-1.5.3.tgz?dl=https%3A%2F%2Fregistry.npmmirror.com%2F%40types%2Fhttp-assert%2F-%2Fhttp-assert-1.5.3.tgz}
    name: '@types/http-assert'
    version: 1.5.3
    dev: false

  artifactory.intra.xiaojukeji.com/@types/http-errors/1.8.2:
    resolution: {integrity: sha1-cxW0xMVPgtE/phwijsXC6lzJ4OE=, registry: http://npm.intra.xiaojukeji.com/, tarball: http://artifactory.intra.xiaojukeji.com/artifactory/api/npm/npm/@types/http-errors/-/http-errors-1.8.2.tgz?dl=https%3A%2F%2Fregistry.npmmirror.com%2F%40types%2Fhttp-errors%2F-%2Fhttp-errors-1.8.2.tgz}
    name: '@types/http-errors'
    version: 1.8.2
    dev: false

  artifactory.intra.xiaojukeji.com/@types/keygrip/1.0.2:
    resolution: {integrity: sha1-UTq/0lbXrQvx7hhzYGMXszsbKnI=, registry: http://npm.intra.xiaojukeji.com/, tarball: http://artifactory.intra.xiaojukeji.com/artifactory/api/npm/npm/@types/keygrip/-/keygrip-1.0.2.tgz?dl=https%3A%2F%2Fregistry.npmmirror.com%2F%40types%2Fkeygrip%2F-%2Fkeygrip-1.0.2.tgz}
    name: '@types/keygrip'
    version: 1.0.2
    dev: false

  artifactory.intra.xiaojukeji.com/@types/koa-compose/3.2.5:
    resolution: {integrity: sha1-hesugKxQvpXzfM+MQHwJu+NGjp0=, registry: http://npm.intra.xiaojukeji.com/, tarball: http://artifactory.intra.xiaojukeji.com/artifactory/api/npm/npm/@types/koa-compose/-/koa-compose-3.2.5.tgz?dl=https%3A%2F%2Fregistry.npmmirror.com%2F%40types%2Fkoa-compose%2F-%2Fkoa-compose-3.2.5.tgz}
    name: '@types/koa-compose'
    version: 3.2.5
    dependencies:
      '@types/koa': artifactory.intra.xiaojukeji.com/@types/koa/2.13.4
    dev: false

  artifactory.intra.xiaojukeji.com/@types/koa-router/7.4.4:
    resolution: {integrity: sha1-23K942FjZddPABeNXyQ8T859pXI=, registry: http://npm.intra.xiaojukeji.com/, tarball: http://artifactory.intra.xiaojukeji.com/artifactory/api/npm/npm/@types/koa-router/-/koa-router-7.4.4.tgz?dl=https%3A%2F%2Fregistry.npmmirror.com%2F%40types%2Fkoa-router%2F-%2Fkoa-router-7.4.4.tgz}
    name: '@types/koa-router'
    version: 7.4.4
    dependencies:
      '@types/koa': artifactory.intra.xiaojukeji.com/@types/koa/2.13.4
    dev: false

  artifactory.intra.xiaojukeji.com/@types/koa/2.13.4:
    resolution: {integrity: sha1-EGILPySoAn71y66Is5PRsxIFcms=, registry: http://npm.intra.xiaojukeji.com/, tarball: http://artifactory.intra.xiaojukeji.com/artifactory/api/npm/npm/@types/koa/-/koa-2.13.4.tgz?dl=https%3A%2F%2Fregistry.npmmirror.com%2F%40types%2Fkoa%2F-%2Fkoa-2.13.4.tgz}
    name: '@types/koa'
    version: 2.13.4
    dependencies:
      '@types/accepts': artifactory.intra.xiaojukeji.com/@types/accepts/1.3.5
      '@types/content-disposition': artifactory.intra.xiaojukeji.com/@types/content-disposition/0.5.4
      '@types/cookies': artifactory.intra.xiaojukeji.com/@types/cookies/0.7.7
      '@types/http-assert': artifactory.intra.xiaojukeji.com/@types/http-assert/1.5.3
      '@types/http-errors': artifactory.intra.xiaojukeji.com/@types/http-errors/1.8.2
      '@types/keygrip': artifactory.intra.xiaojukeji.com/@types/keygrip/1.0.2
      '@types/koa-compose': artifactory.intra.xiaojukeji.com/@types/koa-compose/3.2.5
      '@types/node': artifactory.intra.xiaojukeji.com/@types/node/17.0.23
    dev: false

  artifactory.intra.xiaojukeji.com/@types/mime/1.3.2:
    resolution: {integrity: sha1-k+Jb+e51/g/YC1lLxP6w6GIRG1o=, registry: http://npm.intra.xiaojukeji.com/, tarball: http://artifactory.intra.xiaojukeji.com/artifactory/api/npm/npm/@types/mime/-/mime-1.3.2.tgz?dl=https%3A%2F%2Fregistry.npmmirror.com%2F%40types%2Fmime%2F-%2Fmime-1.3.2.tgz}
    name: '@types/mime'
    version: 1.3.2
    dev: false

  artifactory.intra.xiaojukeji.com/@types/node/17.0.23:
    resolution: {integrity: sha1-O0Gm5kNYmsZEK9vXpKPe1i8z99o=, registry: http://npm.intra.xiaojukeji.com/, tarball: http://artifactory.intra.xiaojukeji.com/artifactory/api/npm/npm/@types/node/-/node-17.0.23.tgz?dl=https%3A%2F%2Fregistry.npmmirror.com%2F%40types%2Fnode%2F-%2Fnode-17.0.23.tgz}
    name: '@types/node'
    version: 17.0.23
    dev: false

  artifactory.intra.xiaojukeji.com/@types/qs/6.9.7:
    resolution: {integrity: sha1-Y7t9Bn2xB8weRXwwO8JdUR/r9ss=, registry: http://npm.intra.xiaojukeji.com/, tarball: http://artifactory.intra.xiaojukeji.com/artifactory/api/npm/npm/@types/qs/-/qs-6.9.7.tgz?dl=https%3A%2F%2Fregistry.npmmirror.com%2F%40types%2Fqs%2F-%2Fqs-6.9.7.tgz}
    name: '@types/qs'
    version: 6.9.7
    dev: false

  artifactory.intra.xiaojukeji.com/@types/range-parser/1.2.4:
    resolution: {integrity: sha1-zWZ7z90CUhOq+3ylkVqTJZCs3Nw=, registry: http://npm.intra.xiaojukeji.com/, tarball: http://artifactory.intra.xiaojukeji.com/artifactory/api/npm/npm/@types/range-parser/-/range-parser-1.2.4.tgz?dl=https%3A%2F%2Fregistry.npmmirror.com%2F%40types%2Frange-parser%2F-%2Frange-parser-1.2.4.tgz}
    name: '@types/range-parser'
    version: 1.2.4
    dev: false

  artifactory.intra.xiaojukeji.com/@types/serve-static/1.13.10:
    resolution: {integrity: sha1-9eDOh5fS18xevtpIpSyWxPpHqNk=, registry: http://npm.intra.xiaojukeji.com/, tarball: http://artifactory.intra.xiaojukeji.com/artifactory/api/npm/npm/@types/serve-static/-/serve-static-1.13.10.tgz?dl=https%3A%2F%2Fregistry.npmmirror.com%2F%40types%2Fserve-static%2F-%2Fserve-static-1.13.10.tgz}
    name: '@types/serve-static'
    version: 1.13.10
    dependencies:
      '@types/mime': artifactory.intra.xiaojukeji.com/@types/mime/1.3.2
      '@types/node': artifactory.intra.xiaojukeji.com/@types/node/17.0.23
    dev: false

  artifactory.intra.xiaojukeji.com/accepts/1.3.8:
    resolution: {integrity: sha1-C/C+EltnAUrcsLCSHmLbe//hay4=, registry: http://npm.intra.xiaojukeji.com/, tarball: http://artifactory.intra.xiaojukeji.com/artifactory/api/npm/npm/accepts/-/accepts-1.3.8.tgz?dl=https%3A%2F%2Fregistry.npmmirror.com%2Faccepts%2F-%2Faccepts-1.3.8.tgz}
    name: accepts
    version: 1.3.8
    engines: {node: '>= 0.6'}
    dependencies:
      mime-types: artifactory.intra.xiaojukeji.com/mime-types/2.1.35
      negotiator: artifactory.intra.xiaojukeji.com/negotiator/0.6.3
    dev: false

  artifactory.intra.xiaojukeji.com/ansi-styles/4.3.0:
    resolution: {integrity: sha1-7dgDYornHATIWuegkG7a00tkiTc=, registry: http://npm.intra.xiaojukeji.com/, tarball: http://artifactory.intra.xiaojukeji.com/artifactory/api/npm/npm/ansi-styles/-/ansi-styles-4.3.0.tgz?dl=https%3A%2F%2Fregistry.npmmirror.com%2Fansi-styles%2F-%2Fansi-styles-4.3.0.tgz}
    name: ansi-styles
    version: 4.3.0
    engines: {node: '>=8'}
    dependencies:
      color-convert: artifactory.intra.xiaojukeji.com/color-convert/2.0.1
    dev: false

  artifactory.intra.xiaojukeji.com/cache-content-type/1.0.1:
    resolution: {integrity: sha1-A1zeKwjuISn0qDFeqPAKANuhRTw=, registry: http://npm.intra.xiaojukeji.com/, tarball: http://artifactory.intra.xiaojukeji.com/artifactory/api/npm/npm/cache-content-type/-/cache-content-type-1.0.1.tgz?dl=https%3A%2F%2Fregistry.npmmirror.com%2Fcache-content-type%2F-%2Fcache-content-type-1.0.1.tgz}
    name: cache-content-type
    version: 1.0.1
    engines: {node: '>= 6.0.0'}
    dependencies:
      mime-types: artifactory.intra.xiaojukeji.com/mime-types/2.1.35
      ylru: artifactory.intra.xiaojukeji.com/ylru/1.3.2
    dev: false

  artifactory.intra.xiaojukeji.com/chalk/4.1.2:
    resolution: {integrity: sha1-qsTit3NKdAhnrrFr8CqtVWoeegE=, registry: http://npm.intra.xiaojukeji.com/, tarball: http://artifactory.intra.xiaojukeji.com/artifactory/api/npm/npm/chalk/-/chalk-4.1.2.tgz?dl=https%3A%2F%2Fregistry.npmmirror.com%2Fchalk%2F-%2Fchalk-4.1.2.tgz}
    name: chalk
    version: 4.1.2
    engines: {node: '>=10'}
    dependencies:
      ansi-styles: artifactory.intra.xiaojukeji.com/ansi-styles/4.3.0
      supports-color: artifactory.intra.xiaojukeji.com/supports-color/7.2.0
    dev: false

  artifactory.intra.xiaojukeji.com/co/4.6.0:
    resolution: {integrity: sha1-bqa989hTrlTMuOR7+gvz+QMfsYQ=, registry: http://npm.intra.xiaojukeji.com/, tarball: http://artifactory.intra.xiaojukeji.com/artifactory/api/npm/npm/co/-/co-4.6.0.tgz?dl=https%3A%2F%2Fregistry.npmmirror.com%2Fco%2F-%2Fco-4.6.0.tgz}
    name: co
    version: 4.6.0
    engines: {iojs: '>= 1.0.0', node: '>= 0.12.0'}
    dev: false

  artifactory.intra.xiaojukeji.com/color-convert/2.0.1:
    resolution: {integrity: sha1-ctOmjVmMm9s68q0ehPIdiWq9TeM=, registry: http://npm.intra.xiaojukeji.com/, tarball: http://artifactory.intra.xiaojukeji.com/artifactory/api/npm/npm/color-convert/-/color-convert-2.0.1.tgz?dl=https%3A%2F%2Fregistry.npmmirror.com%2Fcolor-convert%2F-%2Fcolor-convert-2.0.1.tgz}
    name: color-convert
    version: 2.0.1
    engines: {node: '>=7.0.0'}
    dependencies:
      color-name: artifactory.intra.xiaojukeji.com/color-name/1.1.4
    dev: false

  artifactory.intra.xiaojukeji.com/color-name/1.1.4:
    resolution: {integrity: sha1-wqCah6y95pVD3m9j+jmVyCbFNqI=, registry: http://npm.intra.xiaojukeji.com/, tarball: http://artifactory.intra.xiaojukeji.com/artifactory/api/npm/npm/color-name/-/color-name-1.1.4.tgz?dl=https%3A%2F%2Fregistry.npmmirror.com%2Fcolor-name%2F-%2Fcolor-name-1.1.4.tgz}
    name: color-name
    version: 1.1.4
    dev: false

  artifactory.intra.xiaojukeji.com/content-disposition/0.5.4:
    resolution: {integrity: sha1-i4K076yCUSoCuwsdzsnSxejrW/4=, registry: http://npm.intra.xiaojukeji.com/, tarball: http://artifactory.intra.xiaojukeji.com/artifactory/api/npm/npm/content-disposition/-/content-disposition-0.5.4.tgz?dl=https%3A%2F%2Fregistry.npmmirror.com%2Fcontent-disposition%2F-%2Fcontent-disposition-0.5.4.tgz}
    name: content-disposition
    version: 0.5.4
    engines: {node: '>= 0.6'}
    dependencies:
      safe-buffer: artifactory.intra.xiaojukeji.com/safe-buffer/5.2.1
    dev: false

  artifactory.intra.xiaojukeji.com/content-type/1.0.4:
    resolution: {integrity: sha1-4TjMdeBAxyexlm/l5fjJruJW/js=, registry: http://npm.intra.xiaojukeji.com/, tarball: http://artifactory.intra.xiaojukeji.com/artifactory/api/npm/npm/content-type/-/content-type-1.0.4.tgz?dl=https%3A%2F%2Fregistry.npmmirror.com%2Fcontent-type%2F-%2Fcontent-type-1.0.4.tgz}
    name: content-type
    version: 1.0.4
    engines: {node: '>= 0.6'}
    dev: false

  artifactory.intra.xiaojukeji.com/cookies/0.8.0:
    resolution: {integrity: sha1-EpPOSzkXQKhAbjyYcOgoxLVPP5A=, registry: http://npm.intra.xiaojukeji.com/, tarball: http://artifactory.intra.xiaojukeji.com/artifactory/api/npm/npm/cookies/-/cookies-0.8.0.tgz?dl=https%3A%2F%2Fregistry.npmmirror.com%2Fcookies%2F-%2Fcookies-0.8.0.tgz}
    name: cookies
    version: 0.8.0
    engines: {node: '>= 0.8'}
    dependencies:
      depd: artifactory.intra.xiaojukeji.com/depd/2.0.0
      keygrip: artifactory.intra.xiaojukeji.com/keygrip/1.1.0
    dev: false

  artifactory.intra.xiaojukeji.com/debug/4.3.4:
    resolution: {integrity: sha1-Exn2V5NX8jONMzfSzdSRS7XcyGU=, registry: http://npm.intra.xiaojukeji.com/, tarball: http://artifactory.intra.xiaojukeji.com/artifactory/api/npm/npm/debug/-/debug-4.3.4.tgz?dl=https%3A%2F%2Fregistry.npmmirror.com%2Fdebug%2F-%2Fdebug-4.3.4.tgz}
    name: debug
    version: 4.3.4
    engines: {node: '>=6.0'}
    peerDependencies:
      supports-color: '*'
    peerDependenciesMeta:
      supports-color:
        optional: true
    dependencies:
      ms: artifactory.intra.xiaojukeji.com/ms/2.1.2
    dev: false

  artifactory.intra.xiaojukeji.com/deep-equal/1.0.1:
    resolution: {integrity: sha1-9dJgKStmDghO/0zbyfCK0yR0SLU=, registry: http://npm.intra.xiaojukeji.com/, tarball: http://artifactory.intra.xiaojukeji.com/artifactory/api/npm/npm/deep-equal/-/deep-equal-1.0.1.tgz?dl=https%3A%2F%2Fregistry.npmmirror.com%2Fdeep-equal%2F-%2Fdeep-equal-1.0.1.tgz}
    name: deep-equal
    version: 1.0.1
    dev: false

  artifactory.intra.xiaojukeji.com/delegates/1.0.0:
    resolution: {integrity: sha1-hMbhWbgZBP3KWaDvRM2HDTElD5o=, registry: http://npm.intra.xiaojukeji.com/, tarball: http://artifactory.intra.xiaojukeji.com/artifactory/api/npm/npm/delegates/-/delegates-1.0.0.tgz?dl=https%3A%2F%2Fregistry.npmmirror.com%2Fdelegates%2F-%2Fdelegates-1.0.0.tgz}
    name: delegates
    version: 1.0.0
    dev: false

  artifactory.intra.xiaojukeji.com/depd/1.1.2:
    resolution: {integrity: sha1-m81S4UwJd2PnSbJ0xDRu0uVgtak=, registry: http://npm.intra.xiaojukeji.com/, tarball: http://artifactory.intra.xiaojukeji.com/artifactory/api/npm/npm/depd/-/depd-1.1.2.tgz?dl=https%3A%2F%2Fregistry.npmmirror.com%2Fdepd%2F-%2Fdepd-1.1.2.tgz}
    name: depd
    version: 1.1.2
    engines: {node: '>= 0.6'}
    dev: false

  artifactory.intra.xiaojukeji.com/depd/2.0.0:
    resolution: {integrity: sha1-tpYWPMdXVg0JzyLMj60Vcbeedt8=, registry: http://npm.intra.xiaojukeji.com/, tarball: http://artifactory.intra.xiaojukeji.com/artifactory/api/npm/npm/depd/-/depd-2.0.0.tgz?dl=https%3A%2F%2Fregistry.npmmirror.com%2Fdepd%2F-%2Fdepd-2.0.0.tgz}
    name: depd
    version: 2.0.0
    engines: {node: '>= 0.8'}
    dev: false

  artifactory.intra.xiaojukeji.com/destroy/1.2.0:
    resolution: {integrity: sha1-SANzVQmti+VSk0xn32FPlOZvoBU=, registry: http://npm.intra.xiaojukeji.com/, tarball: http://artifactory.intra.xiaojukeji.com/artifactory/api/npm/npm/destroy/-/destroy-1.2.0.tgz?dl=https%3A%2F%2Fregistry.npmmirror.com%2Fdestroy%2F-%2Fdestroy-1.2.0.tgz}
    name: destroy
    version: 1.2.0
    engines: {node: '>= 0.8', npm: 1.2.8000 || >= 1.4.16}
    dev: false

  artifactory.intra.xiaojukeji.com/ee-first/1.1.1:
    resolution: {integrity: sha1-WQxhFWsK4vTwJVcyoViyZrxWsh0=, registry: http://npm.intra.xiaojukeji.com/, tarball: http://artifactory.intra.xiaojukeji.com/artifactory/api/npm/npm/ee-first/-/ee-first-1.1.1.tgz?dl=https%3A%2F%2Fregistry.npmmirror.com%2Fee-first%2F-%2Fee-first-1.1.1.tgz}
    name: ee-first
    version: 1.1.1
    dev: false

  artifactory.intra.xiaojukeji.com/encodeurl/1.0.2:
    resolution: {integrity: sha1-rT/0yG7C0CkyL1oCw6mmBslbP1k=, registry: http://npm.intra.xiaojukeji.com/, tarball: http://artifactory.intra.xiaojukeji.com/artifactory/api/npm/npm/encodeurl/-/encodeurl-1.0.2.tgz?dl=https%3A%2F%2Fregistry.npmmirror.com%2Fencodeurl%2F-%2Fencodeurl-1.0.2.tgz}
    name: encodeurl
    version: 1.0.2
    engines: {node: '>= 0.8'}
    dev: false

  artifactory.intra.xiaojukeji.com/escape-html/1.0.3:
    resolution: {integrity: sha1-Aljq5NPQwJdN4cFpGI7wBR0dGYg=, registry: http://npm.intra.xiaojukeji.com/, tarball: http://artifactory.intra.xiaojukeji.com/artifactory/api/npm/npm/escape-html/-/escape-html-1.0.3.tgz?dl=https%3A%2F%2Fregistry.npmmirror.com%2Fescape-html%2F-%2Fescape-html-1.0.3.tgz}
    name: escape-html
    version: 1.0.3
    dev: false

  artifactory.intra.xiaojukeji.com/fresh/0.5.2:
    resolution: {integrity: sha1-PYyt2Q2XZWn6g1qx+OSyOhBWBac=, registry: http://npm.intra.xiaojukeji.com/, tarball: http://artifactory.intra.xiaojukeji.com/artifactory/api/npm/npm/fresh/-/fresh-0.5.2.tgz?dl=https%3A%2F%2Fregistry.npmmirror.com%2Ffresh%2F-%2Ffresh-0.5.2.tgz}
    name: fresh
    version: 0.5.2
    engines: {node: '>= 0.6'}
    dev: false

  artifactory.intra.xiaojukeji.com/has-flag/4.0.0:
    resolution: {integrity: sha1-lEdx/ZyByBJlxNaUGGDaBrtZR5s=, registry: http://npm.intra.xiaojukeji.com/, tarball: http://artifactory.intra.xiaojukeji.com/artifactory/api/npm/npm/has-flag/-/has-flag-4.0.0.tgz?dl=https%3A%2F%2Fregistry.npmmirror.com%2Fhas-flag%2F-%2Fhas-flag-4.0.0.tgz}
    name: has-flag
    version: 4.0.0
    engines: {node: '>=8'}
    dev: false

  artifactory.intra.xiaojukeji.com/has-symbols/1.0.3:
    resolution: {integrity: sha1-u3ssQ0klHc6HsSX3vfh0qnyLOfg=, registry: http://npm.intra.xiaojukeji.com/, tarball: http://artifactory.intra.xiaojukeji.com/artifactory/api/npm/npm/has-symbols/-/has-symbols-1.0.3.tgz?dl=https%3A%2F%2Fregistry.npmmirror.com%2Fhas-symbols%2F-%2Fhas-symbols-1.0.3.tgz}
    name: has-symbols
    version: 1.0.3
    engines: {node: '>= 0.4'}
    dev: false

  artifactory.intra.xiaojukeji.com/has-tostringtag/1.0.0:
    resolution: {integrity: sha1-fhM4GKfTlHNPlB5zw9P5KR5liyU=, registry: http://npm.intra.xiaojukeji.com/, tarball: http://artifactory.intra.xiaojukeji.com/artifactory/api/npm/npm/has-tostringtag/-/has-tostringtag-1.0.0.tgz?dl=https%3A%2F%2Fregistry.npmmirror.com%2Fhas-tostringtag%2F-%2Fhas-tostringtag-1.0.0.tgz}
    name: has-tostringtag
    version: 1.0.0
    engines: {node: '>= 0.4'}
    dependencies:
      has-symbols: artifactory.intra.xiaojukeji.com/has-symbols/1.0.3
    dev: false

  artifactory.intra.xiaojukeji.com/http-assert/1.5.0:
    resolution: {integrity: sha1-w4nM2HrBbtLfpiRv1zuSaqAOa48=, registry: http://npm.intra.xiaojukeji.com/, tarball: http://artifactory.intra.xiaojukeji.com/artifactory/api/npm/npm/http-assert/-/http-assert-1.5.0.tgz?dl=https%3A%2F%2Fregistry.npmmirror.com%2Fhttp-assert%2F-%2Fhttp-assert-1.5.0.tgz}
    name: http-assert
    version: 1.5.0
    engines: {node: '>= 0.8'}
    dependencies:
      deep-equal: artifactory.intra.xiaojukeji.com/deep-equal/1.0.1
      http-errors: artifactory.intra.xiaojukeji.com/http-errors/1.8.1
    dev: false

  artifactory.intra.xiaojukeji.com/http-errors/1.8.1:
    resolution: {integrity: sha1-fD8oV3y8iiBziEVdvWIpXtB71ow=, registry: http://npm.intra.xiaojukeji.com/, tarball: http://artifactory.intra.xiaojukeji.com/artifactory/api/npm/npm/http-errors/-/http-errors-1.8.1.tgz?dl=https%3A%2F%2Fregistry.npmmirror.com%2Fhttp-errors%2F-%2Fhttp-errors-1.8.1.tgz}
    name: http-errors
    version: 1.8.1
    engines: {node: '>= 0.6'}
    dependencies:
      depd: artifactory.intra.xiaojukeji.com/depd/1.1.2
      inherits: artifactory.intra.xiaojukeji.com/inherits/2.0.4
      setprototypeof: artifactory.intra.xiaojukeji.com/setprototypeof/1.2.0
      statuses: artifactory.intra.xiaojukeji.com/statuses/1.5.0
      toidentifier: artifactory.intra.xiaojukeji.com/toidentifier/1.0.1
    dev: false

  artifactory.intra.xiaojukeji.com/inherits/2.0.4:
    resolution: {integrity: sha1-D6LGT5MpF8NDOg3tVTY6rjdBa3w=, registry: http://npm.intra.xiaojukeji.com/, tarball: http://artifactory.intra.xiaojukeji.com/artifactory/api/npm/npm/inherits/-/inherits-2.0.4.tgz?dl=https%3A%2F%2Fregistry.npmmirror.com%2Finherits%2F-%2Finherits-2.0.4.tgz}
    name: inherits
    version: 2.0.4
    dev: false

  artifactory.intra.xiaojukeji.com/is-generator-function/1.0.10:
    resolution: {integrity: sha1-8VWLrxrBfg3up8BBXEODUf8rPHI=, registry: http://npm.intra.xiaojukeji.com/, tarball: http://artifactory.intra.xiaojukeji.com/artifactory/api/npm/npm/is-generator-function/-/is-generator-function-1.0.10.tgz?dl=https%3A%2F%2Fregistry.npmmirror.com%2Fis-generator-function%2F-%2Fis-generator-function-1.0.10.tgz}
    name: is-generator-function
    version: 1.0.10
    engines: {node: '>= 0.4'}
    dependencies:
      has-tostringtag: artifactory.intra.xiaojukeji.com/has-tostringtag/1.0.0
    dev: false

  artifactory.intra.xiaojukeji.com/kever/0.25.3_reflect-metadata@0.1.13:
    resolution: {integrity: sha1-D3P3SRYjcO2yYUdPlThJarhEBYM=, registry: http://npm.intra.xiaojukeji.com/, tarball: http://artifactory.intra.xiaojukeji.com/artifactory/api/npm/npm/kever/-/kever-0.25.3.tgz?dl=https%3A%2F%2Fregistry.npmmirror.com%2Fkever%2F-%2Fkever-0.25.3.tgz}
    id: artifactory.intra.xiaojukeji.com/kever/0.25.3
    name: kever
    version: 0.25.3
    dependencies:
      '@kever/core': artifactory.intra.xiaojukeji.com/@kever/core/0.25.3_230940da3065fdaca7fff9a7a442e5a3
      '@kever/ioc': artifactory.intra.xiaojukeji.com/@kever/ioc/0.25.3_6d49e53d53d4df1e1e08aec113587f5b
      '@kever/logger': artifactory.intra.xiaojukeji.com/@kever/logger/0.25.3
      '@kever/router': artifactory.intra.xiaojukeji.com/@kever/router/0.25.3_1c77a8dd162d13ce09a75bfcc1137ef2
      '@kever/shared': artifactory.intra.xiaojukeji.com/@kever/shared/0.25.3_6084471c37db44c1c330dc400aa4219b
    transitivePeerDependencies:
      - reflect-metadata
      - supports-color
    dev: false

  artifactory.intra.xiaojukeji.com/keygrip/1.1.0:
    resolution: {integrity: sha1-hxsWgdXhWcYqRFsMdLYV4JF+ciY=, registry: http://npm.intra.xiaojukeji.com/, tarball: http://artifactory.intra.xiaojukeji.com/artifactory/api/npm/npm/keygrip/-/keygrip-1.1.0.tgz?dl=https%3A%2F%2Fregistry.npmmirror.com%2Fkeygrip%2F-%2Fkeygrip-1.1.0.tgz}
    name: keygrip
    version: 1.1.0
    engines: {node: '>= 0.6'}
    dependencies:
      tsscmp: artifactory.intra.xiaojukeji.com/tsscmp/1.0.6
    dev: false

  artifactory.intra.xiaojukeji.com/koa-compose/4.1.0:
    resolution: {integrity: sha1-UHMGuTcZAdtBEhyBLpI9DWfT6Hc=, registry: http://npm.intra.xiaojukeji.com/, tarball: http://artifactory.intra.xiaojukeji.com/artifactory/api/npm/npm/koa-compose/-/koa-compose-4.1.0.tgz?dl=https%3A%2F%2Fregistry.npmmirror.com%2Fkoa-compose%2F-%2Fkoa-compose-4.1.0.tgz}
    name: koa-compose
    version: 4.1.0
    dev: false

  artifactory.intra.xiaojukeji.com/koa-convert/2.0.0:
    resolution: {integrity: sha1-hqDETYHUBVG64i/uZwmQRXPupPU=, registry: http://npm.intra.xiaojukeji.com/, tarball: http://artifactory.intra.xiaojukeji.com/artifactory/api/npm/npm/koa-convert/-/koa-convert-2.0.0.tgz?dl=https%3A%2F%2Fregistry.npmmirror.com%2Fkoa-convert%2F-%2Fkoa-convert-2.0.0.tgz}
    name: koa-convert
    version: 2.0.0
    engines: {node: '>= 10'}
    dependencies:
      co: artifactory.intra.xiaojukeji.com/co/4.6.0
      koa-compose: artifactory.intra.xiaojukeji.com/koa-compose/4.1.0
    dev: false

  artifactory.intra.xiaojukeji.com/koa-router/9.4.0:
    resolution: {integrity: sha1-e9PNT2JHJW5LVvuyIDveOFGswVo=, registry: http://npm.intra.xiaojukeji.com/, tarball: http://artifactory.intra.xiaojukeji.com/artifactory/api/npm/npm/koa-router/-/koa-router-9.4.0.tgz?dl=https%3A%2F%2Fregistry.npmmirror.com%2Fkoa-router%2F-%2Fkoa-router-9.4.0.tgz}
    name: koa-router
    version: 9.4.0
    engines: {node: '>= 8.0.0'}
    dependencies:
      debug: artifactory.intra.xiaojukeji.com/debug/4.3.4
      http-errors: artifactory.intra.xiaojukeji.com/http-errors/1.8.1
      koa-compose: artifactory.intra.xiaojukeji.com/koa-compose/4.1.0
      methods: artifactory.intra.xiaojukeji.com/methods/1.1.2
      path-to-regexp: artifactory.intra.xiaojukeji.com/path-to-regexp/6.2.0
    transitivePeerDependencies:
      - supports-color
    dev: false

  artifactory.intra.xiaojukeji.com/koa/2.13.4:
    resolution: {integrity: sha1-7lsMs54LgGnDjRFROcd0gz0yRi4=, registry: http://npm.intra.xiaojukeji.com/, tarball: http://artifactory.intra.xiaojukeji.com/artifactory/api/npm/npm/koa/-/koa-2.13.4.tgz?dl=https%3A%2F%2Fregistry.npmmirror.com%2Fkoa%2F-%2Fkoa-2.13.4.tgz}
    name: koa
    version: 2.13.4
    engines: {node: ^4.8.4 || ^6.10.1 || ^7.10.1 || >= 8.1.4}
    dependencies:
      accepts: artifactory.intra.xiaojukeji.com/accepts/1.3.8
      cache-content-type: artifactory.intra.xiaojukeji.com/cache-content-type/1.0.1
      content-disposition: artifactory.intra.xiaojukeji.com/content-disposition/0.5.4
      content-type: artifactory.intra.xiaojukeji.com/content-type/1.0.4
      cookies: artifactory.intra.xiaojukeji.com/cookies/0.8.0
      debug: artifactory.intra.xiaojukeji.com/debug/4.3.4
      delegates: artifactory.intra.xiaojukeji.com/delegates/1.0.0
      depd: artifactory.intra.xiaojukeji.com/depd/2.0.0
      destroy: artifactory.intra.xiaojukeji.com/destroy/1.2.0
      encodeurl: artifactory.intra.xiaojukeji.com/encodeurl/1.0.2
      escape-html: artifactory.intra.xiaojukeji.com/escape-html/1.0.3
      fresh: artifactory.intra.xiaojukeji.com/fresh/0.5.2
      http-assert: artifactory.intra.xiaojukeji.com/http-assert/1.5.0
      http-errors: artifactory.intra.xiaojukeji.com/http-errors/1.8.1
      is-generator-function: artifactory.intra.xiaojukeji.com/is-generator-function/1.0.10
      koa-compose: artifactory.intra.xiaojukeji.com/koa-compose/4.1.0
      koa-convert: artifactory.intra.xiaojukeji.com/koa-convert/2.0.0
      on-finished: artifactory.intra.xiaojukeji.com/on-finished/2.4.1
      only: artifactory.intra.xiaojukeji.com/only/0.0.2
      parseurl: artifactory.intra.xiaojukeji.com/parseurl/1.3.3
      statuses: artifactory.intra.xiaojukeji.com/statuses/1.5.0
      type-is: artifactory.intra.xiaojukeji.com/type-is/1.6.18
      vary: artifactory.intra.xiaojukeji.com/vary/1.1.2
    transitivePeerDependencies:
      - supports-color
    dev: false

  artifactory.intra.xiaojukeji.com/media-typer/0.3.0:
    resolution: {integrity: sha1-hxDXrwqmJvj/+hzgAWhUUmMlV0g=, registry: http://npm.intra.xiaojukeji.com/, tarball: http://artifactory.intra.xiaojukeji.com/artifactory/api/npm/npm/media-typer/-/media-typer-0.3.0.tgz?dl=https%3A%2F%2Fregistry.npmmirror.com%2Fmedia-typer%2F-%2Fmedia-typer-0.3.0.tgz}
    name: media-typer
    version: 0.3.0
    engines: {node: '>= 0.6'}
    dev: false

  artifactory.intra.xiaojukeji.com/methods/1.1.2:
    resolution: {integrity: sha1-VSmk1nZUE07cxSZmVoNbD4Ua/O4=, registry: http://npm.intra.xiaojukeji.com/, tarball: http://artifactory.intra.xiaojukeji.com/artifactory/api/npm/npm/methods/-/methods-1.1.2.tgz?dl=https%3A%2F%2Fregistry.npmmirror.com%2Fmethods%2F-%2Fmethods-1.1.2.tgz}
    name: methods
    version: 1.1.2
    engines: {node: '>= 0.6'}
    dev: false

  artifactory.intra.xiaojukeji.com/mime-db/1.52.0:
    resolution: {integrity: sha1-u6vNwChZ9JhzAchW4zh85exDv3A=, registry: http://npm.intra.xiaojukeji.com/, tarball: http://artifactory.intra.xiaojukeji.com/artifactory/api/npm/npm/mime-db/-/mime-db-1.52.0.tgz?dl=https%3A%2F%2Fregistry.npmmirror.com%2Fmime-db%2F-%2Fmime-db-1.52.0.tgz}
    name: mime-db
    version: 1.52.0
    engines: {node: '>= 0.6'}
    dev: false

  artifactory.intra.xiaojukeji.com/mime-types/2.1.35:
    resolution: {integrity: sha1-OBqHG2KnNEUGYK497uRIE/cNlZo=, registry: http://npm.intra.xiaojukeji.com/, tarball: http://artifactory.intra.xiaojukeji.com/artifactory/api/npm/npm/mime-types/-/mime-types-2.1.35.tgz?dl=https%3A%2F%2Fregistry.npmmirror.com%2Fmime-types%2F-%2Fmime-types-2.1.35.tgz}
    name: mime-types
    version: 2.1.35
    engines: {node: '>= 0.6'}
    dependencies:
      mime-db: artifactory.intra.xiaojukeji.com/mime-db/1.52.0
    dev: false

  artifactory.intra.xiaojukeji.com/ms/2.1.2:
    resolution: {integrity: sha1-0J0fNXtEP0kzgqjrPM0YOHKuYAk=, registry: http://npm.intra.xiaojukeji.com/, tarball: http://artifactory.intra.xiaojukeji.com/artifactory/api/npm/npm/ms/-/ms-2.1.2.tgz?dl=https%3A%2F%2Fregistry.npmmirror.com%2Fms%2F-%2Fms-2.1.2.tgz}
    name: ms
    version: 2.1.2
    dev: false

  artifactory.intra.xiaojukeji.com/negotiator/0.6.3:
    resolution: {integrity: sha1-WOMjpy/twNb5zU0x/kn1FHlZDM0=, registry: http://npm.intra.xiaojukeji.com/, tarball: http://artifactory.intra.xiaojukeji.com/artifactory/api/npm/npm/negotiator/-/negotiator-0.6.3.tgz?dl=https%3A%2F%2Fregistry.npmmirror.com%2Fnegotiator%2F-%2Fnegotiator-0.6.3.tgz}
    name: negotiator
    version: 0.6.3
    engines: {node: '>= 0.6'}
    dev: false

  artifactory.intra.xiaojukeji.com/on-finished/2.4.1:
    resolution: {integrity: sha1-WMjEQRblSEWtV/FKsQsDUzGErD8=, registry: http://npm.intra.xiaojukeji.com/, tarball: http://artifactory.intra.xiaojukeji.com/artifactory/api/npm/npm/on-finished/-/on-finished-2.4.1.tgz?dl=https%3A%2F%2Fregistry.npmmirror.com%2Fon-finished%2F-%2Fon-finished-2.4.1.tgz}
    name: on-finished
    version: 2.4.1
    engines: {node: '>= 0.8'}
    dependencies:
      ee-first: artifactory.intra.xiaojukeji.com/ee-first/1.1.1
    dev: false

  artifactory.intra.xiaojukeji.com/only/0.0.2:
    resolution: {integrity: sha1-Kv3oTQPlC5qO3EROMGEKcCle37Q=, registry: http://npm.intra.xiaojukeji.com/, tarball: http://artifactory.intra.xiaojukeji.com/artifactory/api/npm/npm/only/-/only-0.0.2.tgz?dl=https%3A%2F%2Fregistry.npmmirror.com%2Fonly%2F-%2Fonly-0.0.2.tgz}
    name: only
    version: 0.0.2
    dev: false

  artifactory.intra.xiaojukeji.com/parseurl/1.3.3:
    resolution: {integrity: sha1-naGee+6NEt/wUT7Vt2lXeTvC6NQ=, registry: http://npm.intra.xiaojukeji.com/, tarball: http://artifactory.intra.xiaojukeji.com/artifactory/api/npm/npm/parseurl/-/parseurl-1.3.3.tgz?dl=https%3A%2F%2Fregistry.npmmirror.com%2Fparseurl%2F-%2Fparseurl-1.3.3.tgz}
    name: parseurl
    version: 1.3.3
    engines: {node: '>= 0.8'}
    dev: false

  artifactory.intra.xiaojukeji.com/path-to-regexp/6.2.0:
    resolution: {integrity: sha1-97OAMzYQTDRoia3s5hRmkjBkXzg=, registry: http://npm.intra.xiaojukeji.com/, tarball: http://artifactory.intra.xiaojukeji.com/artifactory/api/npm/npm/path-to-regexp/-/path-to-regexp-6.2.0.tgz?dl=https%3A%2F%2Fregistry.npmmirror.com%2Fpath-to-regexp%2F-%2Fpath-to-regexp-6.2.0.tgz}
    name: path-to-regexp
    version: 6.2.0
    dev: false

  artifactory.intra.xiaojukeji.com/reflect-metadata/0.1.13:
    resolution: {integrity: sha1-Z648pXyXKiqhZCsQ/jY/4y1J3Ag=, registry: http://npm.intra.xiaojukeji.com/, tarball: http://artifactory.intra.xiaojukeji.com/artifactory/api/npm/npm/reflect-metadata/-/reflect-metadata-0.1.13.tgz?dl=https%3A%2F%2Fregistry.npmmirror.com%2Freflect-metadata%2F-%2Freflect-metadata-0.1.13.tgz}
    name: reflect-metadata
    version: 0.1.13
    dev: true

  artifactory.intra.xiaojukeji.com/safe-buffer/5.2.1:
    resolution: {integrity: sha1-Hq+fqb2x/dTsdfWPnNtOa3gn7sY=, registry: http://npm.intra.xiaojukeji.com/, tarball: http://artifactory.intra.xiaojukeji.com/artifactory/api/npm/npm/safe-buffer/-/safe-buffer-5.2.1.tgz?dl=https%3A%2F%2Fregistry.npmmirror.com%2Fsafe-buffer%2F-%2Fsafe-buffer-5.2.1.tgz}
    name: safe-buffer
    version: 5.2.1
    dev: false

  artifactory.intra.xiaojukeji.com/setprototypeof/1.2.0:
    resolution: {integrity: sha1-ZsmiSnP5/CjL5msJ/tPTPcrxtCQ=, registry: http://npm.intra.xiaojukeji.com/, tarball: http://artifactory.intra.xiaojukeji.com/artifactory/api/npm/npm/setprototypeof/-/setprototypeof-1.2.0.tgz?dl=https%3A%2F%2Fregistry.npmmirror.com%2Fsetprototypeof%2F-%2Fsetprototypeof-1.2.0.tgz}
    name: setprototypeof
    version: 1.2.0
    dev: false

  artifactory.intra.xiaojukeji.com/statuses/1.5.0:
    resolution: {integrity: sha1-Fhx9rBd2Wf2YEfQ3cfqZOBR4Yow=, registry: http://npm.intra.xiaojukeji.com/, tarball: http://artifactory.intra.xiaojukeji.com/artifactory/api/npm/npm/statuses/-/statuses-1.5.0.tgz?dl=https%3A%2F%2Fregistry.npmmirror.com%2Fstatuses%2F-%2Fstatuses-1.5.0.tgz}
    name: statuses
    version: 1.5.0
    engines: {node: '>= 0.6'}
    dev: false

  artifactory.intra.xiaojukeji.com/supports-color/7.2.0:
    resolution: {integrity: sha1-G33NyzK4E4gBs+R4umpRyqiWSNo=, registry: http://npm.intra.xiaojukeji.com/, tarball: http://artifactory.intra.xiaojukeji.com/artifactory/api/npm/npm/supports-color/-/supports-color-7.2.0.tgz?dl=https%3A%2F%2Fregistry.npmmirror.com%2Fsupports-color%2F-%2Fsupports-color-7.2.0.tgz}
    name: supports-color
    version: 7.2.0
    engines: {node: '>=8'}
    dependencies:
      has-flag: artifactory.intra.xiaojukeji.com/has-flag/4.0.0
    dev: false

  artifactory.intra.xiaojukeji.com/toidentifier/1.0.1:
    resolution: {integrity: sha1-O+NDIaiKgg7RvYDfqjPkefu43TU=, registry: http://npm.intra.xiaojukeji.com/, tarball: http://artifactory.intra.xiaojukeji.com/artifactory/api/npm/npm/toidentifier/-/toidentifier-1.0.1.tgz?dl=https%3A%2F%2Fregistry.npmmirror.com%2Ftoidentifier%2F-%2Ftoidentifier-1.0.1.tgz}
    name: toidentifier
    version: 1.0.1
    engines: {node: '>=0.6'}
    dev: false

  artifactory.intra.xiaojukeji.com/tsscmp/1.0.6:
    resolution: {integrity: sha1-hbmVg6w1iexL/vgltQAKqRHWBes=, registry: http://npm.intra.xiaojukeji.com/, tarball: http://artifactory.intra.xiaojukeji.com/artifactory/api/npm/npm/tsscmp/-/tsscmp-1.0.6.tgz?dl=https%3A%2F%2Fregistry.npmmirror.com%2Ftsscmp%2F-%2Ftsscmp-1.0.6.tgz}
    name: tsscmp
    version: 1.0.6
    engines: {node: '>=0.6.x'}
    dev: false

  artifactory.intra.xiaojukeji.com/type-is/1.6.18:
    resolution: {integrity: sha1-TlUs0F3wlGfcvE73Od6J8s83wTE=, registry: http://npm.intra.xiaojukeji.com/, tarball: http://artifactory.intra.xiaojukeji.com/artifactory/api/npm/npm/type-is/-/type-is-1.6.18.tgz?dl=https%3A%2F%2Fregistry.npmmirror.com%2Ftype-is%2F-%2Ftype-is-1.6.18.tgz}
    name: type-is
    version: 1.6.18
    engines: {node: '>= 0.6'}
    dependencies:
      media-typer: artifactory.intra.xiaojukeji.com/media-typer/0.3.0
      mime-types: artifactory.intra.xiaojukeji.com/mime-types/2.1.35
    dev: false

  artifactory.intra.xiaojukeji.com/vary/1.1.2:
    resolution: {integrity: sha1-IpnwLG3tMNSllhsLn3RSShj2NPw=, registry: http://npm.intra.xiaojukeji.com/, tarball: http://artifactory.intra.xiaojukeji.com/artifactory/api/npm/npm/vary/-/vary-1.1.2.tgz?dl=https%3A%2F%2Fregistry.npmmirror.com%2Fvary%2F-%2Fvary-1.1.2.tgz}
    name: vary
    version: 1.1.2
    engines: {node: '>= 0.8'}
    dev: false

  artifactory.intra.xiaojukeji.com/ylru/1.3.2:
    resolution: {integrity: sha1-DeSAF0cydaTL38g6Hq9nwBr4p4U=, registry: http://npm.intra.xiaojukeji.com/, tarball: http://artifactory.intra.xiaojukeji.com/artifactory/api/npm/npm/ylru/-/ylru-1.3.2.tgz?dl=https%3A%2F%2Fregistry.npmmirror.com%2Fylru%2F-%2Fylru-1.3.2.tgz}
    name: ylru
    version: 1.3.2
    engines: {node: '>= 4.0.0'}
    dev: false
